// !$*UTF8*$!
{
	archiveVersion = 1;
	classes = {
	};
	objectVersion = 46;
	objects = {

/* Begin PBXBuildFile section */
		9C08C1F118845C70005CA3AA /* Foundation.framework in Frameworks */ = {isa = PBXBuildFile; fileRef = 9C08C1F018845C70005CA3AA /* Foundation.framework */; };
		9C08C1F318845C70005CA3AA /* CoreGraphics.framework in Frameworks */ = {isa = PBXBuildFile; fileRef = 9C08C1F218845C70005CA3AA /* CoreGraphics.framework */; };
		9C08C1F518845C70005CA3AA /* UIKit.framework in Frameworks */ = {isa = PBXBuildFile; fileRef = 9C08C1F418845C70005CA3AA /* UIKit.framework */; };
		9C08C1FB18845C70005CA3AA /* InfoPlist.strings in Resources */ = {isa = PBXBuildFile; fileRef = 9C08C1F918845C70005CA3AA /* InfoPlist.strings */; };
		9C08C1FD18845C70005CA3AA /* main.m in Sources */ = {isa = PBXBuildFile; fileRef = 9C08C1FC18845C70005CA3AA /* main.m */; };
		9C08C20118845C70005CA3AA /* AppDelegate.m in Sources */ = {isa = PBXBuildFile; fileRef = 9C08C20018845C70005CA3AA /* AppDelegate.m */; };
		9C08C20318845C70005CA3AA /* Images.xcassets in Resources */ = {isa = PBXBuildFile; fileRef = 9C08C20218845C70005CA3AA /* Images.xcassets */; };
		9C08C20A18845C70005CA3AA /* XCTest.framework in Frameworks */ = {isa = PBXBuildFile; fileRef = 9C08C20918845C70005CA3AA /* XCTest.framework */; };
		9C08C20B18845C71005CA3AA /* Foundation.framework in Frameworks */ = {isa = PBXBuildFile; fileRef = 9C08C1F018845C70005CA3AA /* Foundation.framework */; };
		9C08C20C18845C71005CA3AA /* UIKit.framework in Frameworks */ = {isa = PBXBuildFile; fileRef = 9C08C1F418845C70005CA3AA /* UIKit.framework */; };
		9C08C21418845C71005CA3AA /* InfoPlist.strings in Resources */ = {isa = PBXBuildFile; fileRef = 9C08C21218845C71005CA3AA /* InfoPlist.strings */; };
		9C08C21618845C71005CA3AA /* zooTests.m in Sources */ = {isa = PBXBuildFile; fileRef = 9C08C21518845C71005CA3AA /* zooTests.m */; };
		9C08C22C18845EFB005CA3AA /* izzy_zoo_responsive.html in Resources */ = {isa = PBXBuildFile; fileRef = 9C08C21F18845EFB005CA3AA /* izzy_zoo_responsive.html */; };
		9C08C22D18845EFB005CA3AA /* autruche.jpg in Resources */ = {isa = PBXBuildFile; fileRef = 9C08C22118845EFB005CA3AA /* autruche.jpg */; };
		9C08C22E18845EFB005CA3AA /* elephant_transparent.png in Resources */ = {isa = PBXBuildFile; fileRef = 9C08C22218845EFB005CA3AA /* elephant_transparent.png */; };
		9C08C22F18845EFB005CA3AA /* girafe_zebre.jpg in Resources */ = {isa = PBXBuildFile; fileRef = 9C08C22318845EFB005CA3AA /* girafe_zebre.jpg */; };
		9C08C23018845EFB005CA3AA /* HYPE.js in Sources */ = {isa = PBXBuildFile; fileRef = 9C08C22418845EFB005CA3AA /* HYPE.js */; };
		9C08C23118845EFB005CA3AA /* izzyzooresponsive_hype_generated_script.js in Sources */ = {isa = PBXBuildFile; fileRef = 9C08C22518845EFB005CA3AA /* izzyzooresponsive_hype_generated_script.js */; };
		9C08C23218845EFB005CA3AA /* pan.jpg in Resources */ = {isa = PBXBuildFile; fileRef = 9C08C22618845EFB005CA3AA /* pan.jpg */; };
		9C08C23318845EFB005CA3AA /* PIE.htc in Resources */ = {isa = PBXBuildFile; fileRef = 9C08C22718845EFB005CA3AA /* PIE.htc */; };
		9C08C23418845EFB005CA3AA /* singe.mov in Resources */ = {isa = PBXBuildFile; fileRef = 9C08C22818845EFB005CA3AA /* singe.mov */; };
		9C08C23518845EFB005CA3AA /* singe_poster.jpg in Resources */ = {isa = PBXBuildFile; fileRef = 9C08C22918845EFB005CA3AA /* singe_poster.jpg */; };
		9C08C23618845EFB005CA3AA /* zebu.jpg in Resources */ = {isa = PBXBuildFile; fileRef = 9C08C22A18845EFB005CA3AA /* zebu.jpg */; };
		9C08C23718845EFB005CA3AA /* Zooh_.svg in Resources */ = {isa = PBXBuildFile; fileRef = 9C08C22B18845EFB005CA3AA /* Zooh_.svg */; };
		9C08C23918845FE2005CA3AA /* main.storyboard in Resources */ = {isa = PBXBuildFile; fileRef = 9C08C23818845FE2005CA3AA /* main.storyboard */; };
/* End PBXBuildFile section */

/* Begin PBXContainerItemProxy section */
		9C08C20D18845C71005CA3AA /* PBXContainerItemProxy */ = {
			isa = PBXContainerItemProxy;
			containerPortal = 9C08C1E518845C70005CA3AA /* Project object */;
			proxyType = 1;
			remoteGlobalIDString = 9C08C1EC18845C70005CA3AA;
			remoteInfo = zoo;
		};
/* End PBXContainerItemProxy section */

/* Begin PBXFileReference section */
		9C08C1ED18845C70005CA3AA /* zoo.app */ = {isa = PBXFileReference; explicitFileType = wrapper.application; includeInIndex = 0; path = zoo.app; sourceTree = BUILT_PRODUCTS_DIR; };
		9C08C1F018845C70005CA3AA /* Foundation.framework */ = {isa = PBXFileReference; lastKnownFileType = wrapper.framework; name = Foundation.framework; path = System/Library/Frameworks/Foundation.framework; sourceTree = SDKROOT; };
		9C08C1F218845C70005CA3AA /* CoreGraphics.framework */ = {isa = PBXFileReference; lastKnownFileType = wrapper.framework; name = CoreGraphics.framework; path = System/Library/Frameworks/CoreGraphics.framework; sourceTree = SDKROOT; };
		9C08C1F418845C70005CA3AA /* UIKit.framework */ = {isa = PBXFileReference; lastKnownFileType = wrapper.framework; name = UIKit.framework; path = System/Library/Frameworks/UIKit.framework; sourceTree = SDKROOT; };
		9C08C1F818845C70005CA3AA /* zoo-Info.plist */ = {isa = PBXFileReference; lastKnownFileType = text.plist.xml; path = "zoo-Info.plist"; sourceTree = "<group>"; };
		9C08C1FA18845C70005CA3AA /* en */ = {isa = PBXFileReference; lastKnownFileType = text.plist.strings; name = en; path = en.lproj/InfoPlist.strings; sourceTree = "<group>"; };
		9C08C1FC18845C70005CA3AA /* main.m */ = {isa = PBXFileReference; lastKnownFileType = sourcecode.c.objc; path = main.m; sourceTree = "<group>"; };
		9C08C1FE18845C70005CA3AA /* zoo-Prefix.pch */ = {isa = PBXFileReference; lastKnownFileType = sourcecode.c.h; path = "zoo-Prefix.pch"; sourceTree = "<group>"; };
		9C08C1FF18845C70005CA3AA /* AppDelegate.h */ = {isa = PBXFileReference; lastKnownFileType = sourcecode.c.h; path = AppDelegate.h; sourceTree = "<group>"; };
		9C08C20018845C70005CA3AA /* AppDelegate.m */ = {isa = PBXFileReference; lastKnownFileType = sourcecode.c.objc; path = AppDelegate.m; sourceTree = "<group>"; };
		9C08C20218845C70005CA3AA /* Images.xcassets */ = {isa = PBXFileReference; lastKnownFileType = folder.assetcatalog; path = Images.xcassets; sourceTree = "<group>"; };
		9C08C20818845C70005CA3AA /* zooTests.xctest */ = {isa = PBXFileReference; explicitFileType = wrapper.cfbundle; includeInIndex = 0; path = zooTests.xctest; sourceTree = BUILT_PRODUCTS_DIR; };
		9C08C20918845C70005CA3AA /* XCTest.framework */ = {isa = PBXFileReference; lastKnownFileType = wrapper.framework; name = XCTest.framework; path = Library/Frameworks/XCTest.framework; sourceTree = DEVELOPER_DIR; };
		9C08C21118845C71005CA3AA /* zooTests-Info.plist */ = {isa = PBXFileReference; lastKnownFileType = text.plist.xml; path = "zooTests-Info.plist"; sourceTree = "<group>"; };
		9C08C21318845C71005CA3AA /* en */ = {isa = PBXFileReference; lastKnownFileType = text.plist.strings; name = en; path = en.lproj/InfoPlist.strings; sourceTree = "<group>"; };
		9C08C21518845C71005CA3AA /* zooTests.m */ = {isa = PBXFileReference; lastKnownFileType = sourcecode.c.objc; path = zooTests.m; sourceTree = "<group>"; };
		9C08C21F18845EFB005CA3AA /* izzy_zoo_responsive.html */ = {isa = PBXFileReference; fileEncoding = 4; lastKnownFileType = text.html; path = izzy_zoo_responsive.html; sourceTree = "<group>"; };
		9C08C22118845EFB005CA3AA /* autruche.jpg */ = {isa = PBXFileReference; lastKnownFileType = image.jpeg; path = autruche.jpg; sourceTree = "<group>"; };
		9C08C22218845EFB005CA3AA /* elephant_transparent.png */ = {isa = PBXFileReference; lastKnownFileType = image.png; path = elephant_transparent.png; sourceTree = "<group>"; };
		9C08C22318845EFB005CA3AA /* girafe_zebre.jpg */ = {isa = PBXFileReference; lastKnownFileType = image.jpeg; path = girafe_zebre.jpg; sourceTree = "<group>"; };
		9C08C22418845EFB005CA3AA /* HYPE.js */ = {isa = PBXFileReference; fileEncoding = 4; lastKnownFileType = sourcecode.javascript; path = HYPE.js; sourceTree = "<group>"; };
		9C08C22518845EFB005CA3AA /* izzyzooresponsive_hype_generated_script.js */ = {isa = PBXFileReference; fileEncoding = 4; lastKnownFileType = sourcecode.javascript; path = izzyzooresponsive_hype_generated_script.js; sourceTree = "<group>"; };
		9C08C22618845EFB005CA3AA /* pan.jpg */ = {isa = PBXFileReference; lastKnownFileType = image.jpeg; path = pan.jpg; sourceTree = "<group>"; };
		9C08C22718845EFB005CA3AA /* PIE.htc */ = {isa = PBXFileReference; fileEncoding = 4; lastKnownFileType = text; path = PIE.htc; sourceTree = "<group>"; };
		9C08C22818845EFB005CA3AA /* singe.mov */ = {isa = PBXFileReference; lastKnownFileType = video.quicktime; path = singe.mov; sourceTree = "<group>"; };
		9C08C22918845EFB005CA3AA /* singe_poster.jpg */ = {isa = PBXFileReference; lastKnownFileType = image.jpeg; path = singe_poster.jpg; sourceTree = "<group>"; };
		9C08C22A18845EFB005CA3AA /* zebu.jpg */ = {isa = PBXFileReference; lastKnownFileType = image.jpeg; path = zebu.jpg; sourceTree = "<group>"; };
		9C08C22B18845EFB005CA3AA /* Zooh_.svg */ = {isa = PBXFileReference; fileEncoding = 4; lastKnownFileType = text.xml; path = Zooh_.svg; sourceTree = "<group>"; };
		9C08C23818845FE2005CA3AA /* main.storyboard */ = {isa = PBXFileReference; fileEncoding = 4; lastKnownFileType = file.storyboard; path = main.storyboard; sourceTree = "<group>"; };
/* End PBXFileReference section */

/* Begin PBXFrameworksBuildPhase section */
		9C08C1EA18845C70005CA3AA /* Frameworks */ = {
			isa = PBXFrameworksBuildPhase;
			buildActionMask = 2147483647;
			files = (
				9C08C1F318845C70005CA3AA /* CoreGraphics.framework in Frameworks */,
				9C08C1F518845C70005CA3AA /* UIKit.framework in Frameworks */,
				9C08C1F118845C70005CA3AA /* Foundation.framework in Frameworks */,
			);
			runOnlyForDeploymentPostprocessing = 0;
		};
		9C08C20518845C70005CA3AA /* Frameworks */ = {
			isa = PBXFrameworksBuildPhase;
			buildActionMask = 2147483647;
			files = (
				9C08C20A18845C70005CA3AA /* XCTest.framework in Frameworks */,
				9C08C20C18845C71005CA3AA /* UIKit.framework in Frameworks */,
				9C08C20B18845C71005CA3AA /* Foundation.framework in Frameworks */,
			);
			runOnlyForDeploymentPostprocessing = 0;
		};
/* End PBXFrameworksBuildPhase section */

/* Begin PBXGroup section */
		9C08C1E418845C70005CA3AA = {
			isa = PBXGroup;
			children = (
				9C08C23818845FE2005CA3AA /* main.storyboard */,
				9C08C21F18845EFB005CA3AA /* izzy_zoo_responsive.html */,
				9C08C22018845EFB005CA3AA /* izzy_zoo_responsive.hyperesources */,
				9C08C1F618845C70005CA3AA /* zoo */,
				9C08C20F18845C71005CA3AA /* zooTests */,
				9C08C1EF18845C70005CA3AA /* Frameworks */,
				9C08C1EE18845C70005CA3AA /* Products */,
			);
			sourceTree = "<group>";
		};
		9C08C1EE18845C70005CA3AA /* Products */ = {
			isa = PBXGroup;
			children = (
				9C08C1ED18845C70005CA3AA /* zoo.app */,
				9C08C20818845C70005CA3AA /* zooTests.xctest */,
			);
			name = Products;
			sourceTree = "<group>";
		};
		9C08C1EF18845C70005CA3AA /* Frameworks */ = {
			isa = PBXGroup;
			children = (
				9C08C1F018845C70005CA3AA /* Foundation.framework */,
				9C08C1F218845C70005CA3AA /* CoreGraphics.framework */,
				9C08C1F418845C70005CA3AA /* UIKit.framework */,
				9C08C20918845C70005CA3AA /* XCTest.framework */,
			);
			name = Frameworks;
			sourceTree = "<group>";
		};
		9C08C1F618845C70005CA3AA /* zoo */ = {
			isa = PBXGroup;
			children = (
				9C08C1FF18845C70005CA3AA /* AppDelegate.h */,
				9C08C20018845C70005CA3AA /* AppDelegate.m */,
				9C08C20218845C70005CA3AA /* Images.xcassets */,
				9C08C1F718845C70005CA3AA /* Supporting Files */,
			);
			path = zoo;
			sourceTree = "<group>";
		};
		9C08C1F718845C70005CA3AA /* Supporting Files */ = {
			isa = PBXGroup;
			children = (
				9C08C1F818845C70005CA3AA /* zoo-Info.plist */,
				9C08C1F918845C70005CA3AA /* InfoPlist.strings */,
				9C08C1FC18845C70005CA3AA /* main.m */,
				9C08C1FE18845C70005CA3AA /* zoo-Prefix.pch */,
			);
			name = "Supporting Files";
			sourceTree = "<group>";
		};
		9C08C20F18845C71005CA3AA /* zooTests */ = {
			isa = PBXGroup;
			children = (
				9C08C21518845C71005CA3AA /* zooTests.m */,
				9C08C21018845C71005CA3AA /* Supporting Files */,
			);
			path = zooTests;
			sourceTree = "<group>";
		};
		9C08C21018845C71005CA3AA /* Supporting Files */ = {
			isa = PBXGroup;
			children = (
				9C08C21118845C71005CA3AA /* zooTests-Info.plist */,
				9C08C21218845C71005CA3AA /* InfoPlist.strings */,
			);
			name = "Supporting Files";
			sourceTree = "<group>";
		};
		9C08C22018845EFB005CA3AA /* izzy_zoo_responsive.hyperesources */ = {
			isa = PBXGroup;
			children = (
				9C08C22118845EFB005CA3AA /* autruche.jpg */,
				9C08C22218845EFB005CA3AA /* elephant_transparent.png */,
				9C08C22318845EFB005CA3AA /* girafe_zebre.jpg */,
				9C08C22418845EFB005CA3AA /* HYPE.js */,
				9C08C22518845EFB005CA3AA /* izzyzooresponsive_hype_generated_script.js */,
				9C08C22618845EFB005CA3AA /* pan.jpg */,
				9C08C22718845EFB005CA3AA /* PIE.htc */,
				9C08C22818845EFB005CA3AA /* singe.mov */,
				9C08C22918845EFB005CA3AA /* singe_poster.jpg */,
				9C08C22A18845EFB005CA3AA /* zebu.jpg */,
				9C08C22B18845EFB005CA3AA /* Zooh_.svg */,
			);
			path = izzy_zoo_responsive.hyperesources;
			sourceTree = "<group>";
		};
/* End PBXGroup section */

/* Begin PBXNativeTarget section */
		9C08C1EC18845C70005CA3AA /* zoo */ = {
			isa = PBXNativeTarget;
			buildConfigurationList = 9C08C21918845C71005CA3AA /* Build configuration list for PBXNativeTarget "zoo" */;
			buildPhases = (
				9C08C1E918845C70005CA3AA /* Sources */,
				9C08C1EA18845C70005CA3AA /* Frameworks */,
				9C08C1EB18845C70005CA3AA /* Resources */,
			);
			buildRules = (
			);
			dependencies = (
			);
			name = zoo;
			productName = zoo;
			productReference = 9C08C1ED18845C70005CA3AA /* zoo.app */;
			productType = "com.apple.product-type.application";
		};
		9C08C20718845C70005CA3AA /* zooTests */ = {
			isa = PBXNativeTarget;
			buildConfigurationList = 9C08C21C18845C71005CA3AA /* Build configuration list for PBXNativeTarget "zooTests" */;
			buildPhases = (
				9C08C20418845C70005CA3AA /* Sources */,
				9C08C20518845C70005CA3AA /* Frameworks */,
				9C08C20618845C70005CA3AA /* Resources */,
			);
			buildRules = (
			);
			dependencies = (
				9C08C20E18845C71005CA3AA /* PBXTargetDependency */,
			);
			name = zooTests;
			productName = zooTests;
			productReference = 9C08C20818845C70005CA3AA /* zooTests.xctest */;
			productType = "com.apple.product-type.bundle.unit-test";
		};
/* End PBXNativeTarget section */

/* Begin PBXProject section */
		9C08C1E518845C70005CA3AA /* Project object */ = {
			isa = PBXProject;
			attributes = {
				CLASSPREFIX = xyz;
				LastUpgradeCheck = 0500;
				ORGANIZATIONNAME = "Israel Dupuis";
				TargetAttributes = {
					9C08C20718845C70005CA3AA = {
						TestTargetID = 9C08C1EC18845C70005CA3AA;
					};
				};
			};
			buildConfigurationList = 9C08C1E818845C70005CA3AA /* Build configuration list for PBXProject "zoo" */;
			compatibilityVersion = "Xcode 3.2";
			developmentRegion = English;
			hasScannedForEncodings = 0;
			knownRegions = (
				en,
			);
			mainGroup = 9C08C1E418845C70005CA3AA;
			productRefGroup = 9C08C1EE18845C70005CA3AA /* Products */;
			projectDirPath = "";
			projectRoot = "";
			targets = (
				9C08C1EC18845C70005CA3AA /* zoo */,
				9C08C20718845C70005CA3AA /* zooTests */,
			);
		};
/* End PBXProject section */

/* Begin PBXResourcesBuildPhase section */
		9C08C1EB18845C70005CA3AA /* Resources */ = {
			isa = PBXResourcesBuildPhase;
			buildActionMask = 2147483647;
			files = (
				9C08C22D18845EFB005CA3AA /* autruche.jpg in Resources */,
				9C08C23418845EFB005CA3AA /* singe.mov in Resources */,
				9C08C23718845EFB005CA3AA /* Zooh_.svg in Resources */,
				9C08C23218845EFB005CA3AA /* pan.jpg in Resources */,
				9C08C23518845EFB005CA3AA /* singe_poster.jpg in Resources */,
				9C08C23318845EFB005CA3AA /* PIE.htc in Resources */,
				9C08C22C18845EFB005CA3AA /* izzy_zoo_responsive.html in Resources */,
				9C08C22F18845EFB005CA3AA /* girafe_zebre.jpg in Resources */,
				9C08C23618845EFB005CA3AA /* zebu.jpg in Resources */,
				9C08C23918845FE2005CA3AA /* main.storyboard in Resources */,
				9C08C1FB18845C70005CA3AA /* InfoPlist.strings in Resources */,
				9C08C22E18845EFB005CA3AA /* elephant_transparent.png in Resources */,
				9C08C20318845C70005CA3AA /* Images.xcassets in Resources */,
			);
			runOnlyForDeploymentPostprocessing = 0;
		};
		9C08C20618845C70005CA3AA /* Resources */ = {
			isa = PBXResourcesBuildPhase;
			buildActionMask = 2147483647;
			files = (
				9C08C21418845C71005CA3AA /* InfoPlist.strings in Resources */,
			);
			runOnlyForDeploymentPostprocessing = 0;
		};
/* End PBXResourcesBuildPhase section */

/* Begin PBXSourcesBuildPhase section */
		9C08C1E918845C70005CA3AA /* Sources */ = {
			isa = PBXSourcesBuildPhase;
			buildActionMask = 2147483647;
			files = (
				9C08C23118845EFB005CA3AA /* izzyzooresponsive_hype_generated_script.js in Sources */,
				9C08C23018845EFB005CA3AA /* HYPE.js in Sources */,
				9C08C20118845C70005CA3AA /* AppDelegate.m in Sources */,
				9C08C1FD18845C70005CA3AA /* main.m in Sources */,
			);
			runOnlyForDeploymentPostprocessing = 0;
		};
		9C08C20418845C70005CA3AA /* Sources */ = {
			isa = PBXSourcesBuildPhase;
			buildActionMask = 2147483647;
			files = (
				9C08C21618845C71005CA3AA /* zooTests.m in Sources */,
			);
			runOnlyForDeploymentPostprocessing = 0;
		};
/* End PBXSourcesBuildPhase section */

/* Begin PBXTargetDependency section */
		9C08C20E18845C71005CA3AA /* PBXTargetDependency */ = {
			isa = PBXTargetDependency;
			target = 9C08C1EC18845C70005CA3AA /* zoo */;
			targetProxy = 9C08C20D18845C71005CA3AA /* PBXContainerItemProxy */;
		};
/* End PBXTargetDependency section */

/* Begin PBXVariantGroup section */
		9C08C1F918845C70005CA3AA /* InfoPlist.strings */ = {
			isa = PBXVariantGroup;
			children = (
				9C08C1FA18845C70005CA3AA /* en */,
			);
			name = InfoPlist.strings;
			sourceTree = "<group>";
		};
		9C08C21218845C71005CA3AA /* InfoPlist.strings */ = {
			isa = PBXVariantGroup;
			children = (
				9C08C21318845C71005CA3AA /* en */,
			);
			name = InfoPlist.strings;
			sourceTree = "<group>";
		};
/* End PBXVariantGroup section */

/* Begin XCBuildConfiguration section */
		9C08C21718845C71005CA3AA /* Debug */ = {
			isa = XCBuildConfiguration;
			buildSettings = {
				ALWAYS_SEARCH_USER_PATHS = NO;
				ARCHS = "$(ARCHS_STANDARD_INCLUDING_64_BIT)";
				CLANG_CXX_LANGUAGE_STANDARD = "gnu++0x";
				CLANG_CXX_LIBRARY = "libc++";
				CLANG_ENABLE_MODULES = YES;
				CLANG_ENABLE_OBJC_ARC = YES;
				CLANG_WARN_BOOL_CONVERSION = YES;
				CLANG_WARN_CONSTANT_CONVERSION = YES;
				CLANG_WARN_DIRECT_OBJC_ISA_USAGE = YES_ERROR;
				CLANG_WARN_EMPTY_BODY = YES;
				CLANG_WARN_ENUM_CONVERSION = YES;
				CLANG_WARN_INT_CONVERSION = YES;
				CLANG_WARN_OBJC_ROOT_CLASS = YES_ERROR;
				CLANG_WARN__DUPLICATE_METHOD_MATCH = YES;
				"CODE_SIGN_IDENTITY[sdk=iphoneos*]" = "iPhone Developer";
				COPY_PHASE_STRIP = NO;
				GCC_C_LANGUAGE_STANDARD = gnu99;
				GCC_DYNAMIC_NO_PIC = NO;
				GCC_OPTIMIZATION_LEVEL = 0;
				GCC_PREPROCESSOR_DEFINITIONS = (
					"DEBUG=1",
					"$(inherited)",
				);
				GCC_SYMBOLS_PRIVATE_EXTERN = NO;
				GCC_WARN_64_TO_32_BIT_CONVERSION = YES;
				GCC_WARN_ABOUT_RETURN_TYPE = YES_ERROR;
				GCC_WARN_UNDECLARED_SELECTOR = YES;
				GCC_WARN_UNINITIALIZED_AUTOS = YES;
				GCC_WARN_UNUSED_FUNCTION = YES;
				GCC_WARN_UNUSED_VARIABLE = YES;
				IPHONEOS_DEPLOYMENT_TARGET = 7.0;
				ONLY_ACTIVE_ARCH = YES;
				SDKROOT = iphoneos;
			};
			name = Debug;
		};
		9C08C21818845C71005CA3AA /* Release */ = {
			isa = XCBuildConfiguration;
			buildSettings = {
				ALWAYS_SEARCH_USER_PATHS = NO;
				ARCHS = "$(ARCHS_STANDARD_INCLUDING_64_BIT)";
				CLANG_CXX_LANGUAGE_STANDARD = "gnu++0x";
				CLANG_CXX_LIBRARY = "libc++";
				CLANG_ENABLE_MODULES = YES;
				CLANG_ENABLE_OBJC_ARC = YES;
				CLANG_WARN_BOOL_CONVERSION = YES;
				CLANG_WARN_CONSTANT_CONVERSION = YES;
				CLANG_WARN_DIRECT_OBJC_ISA_USAGE = YES_ERROR;
				CLANG_WARN_EMPTY_BODY = YES;
				CLANG_WARN_ENUM_CONVERSION = YES;
				CLANG_WARN_INT_CONVERSION = YES;
				CLANG_WARN_OBJC_ROOT_CLASS = YES_ERROR;
				CLANG_WARN__DUPLICATE_METHOD_MATCH = YES;
				"CODE_SIGN_IDENTITY[sdk=iphoneos*]" = "iPhone Developer";
				COPY_PHASE_STRIP = YES;
				ENABLE_NS_ASSERTIONS = NO;
				GCC_C_LANGUAGE_STANDARD = gnu99;
				GCC_WARN_64_TO_32_BIT_CONVERSION = YES;
				GCC_WARN_ABOUT_RETURN_TYPE = YES_ERROR;
				GCC_WARN_UNDECLARED_SELECTOR = YES;
				GCC_WARN_UNINITIALIZED_AUTOS = YES;
				GCC_WARN_UNUSED_FUNCTION = YES;
				GCC_WARN_UNUSED_VARIABLE = YES;
				IPHONEOS_DEPLOYMENT_TARGET = 7.0;
				SDKROOT = iphoneos;
				VALIDATE_PRODUCT = YES;
			};
			name = Release;
		};
		9C08C21A18845C71005CA3AA /* Debug */ = {
			isa = XCBuildConfiguration;
			buildSettings = {
				ASSETCATALOG_COMPILER_APPICON_NAME = AppIcon;
				ASSETCATALOG_COMPILER_LAUNCHIMAGE_NAME = LaunchImage;
				GCC_PRECOMPILE_PREFIX_HEADER = YES;
				GCC_PREFIX_HEADER = "zoo/zoo-Prefix.pch";
				INFOPLIST_FILE = "zoo/zoo-Info.plist";
				PRODUCT_NAME = "$(TARGET_NAME)";
				WRAPPER_EXTENSION = app;
			};
			name = Debug;
		};
		9C08C21B18845C71005CA3AA /* Release */ = {
			isa = XCBuildConfiguration;
			buildSettings = {
				ASSETCATALOG_COMPILER_APPICON_NAME = AppIcon;
				ASSETCATALOG_COMPILER_LAUNCHIMAGE_NAME = LaunchImage;
				GCC_PRECOMPILE_PREFIX_HEADER = YES;
				GCC_PREFIX_HEADER = "zoo/zoo-Prefix.pch";
				INFOPLIST_FILE = "zoo/zoo-Info.plist";
				PRODUCT_NAME = "$(TARGET_NAME)";
				WRAPPER_EXTENSION = app;
			};
			name = Release;
		};
		9C08C21D18845C71005CA3AA /* Debug */ = {
			isa = XCBuildConfiguration;
			buildSettings = {
				ARCHS = "$(ARCHS_STANDARD_INCLUDING_64_BIT)";
				BUNDLE_LOADER = "$(BUILT_PRODUCTS_DIR)/zoo.app/zoo";
				FRAMEWORK_SEARCH_PATHS = (
					"$(SDKROOT)/Developer/Library/Frameworks",
					"$(inherited)",
					"$(DEVELOPER_FRAMEWORKS_DIR)",
				);
				GCC_PRECOMPILE_PREFIX_HEADER = YES;
				GCC_PREFIX_HEADER = "zoo/zoo-Prefix.pch";
				GCC_PREPROCESSOR_DEFINITIONS = (
					"DEBUG=1",
					"$(inherited)",
				);
				INFOPLIST_FILE = "zooTests/zooTests-Info.plist";
				PRODUCT_NAME = "$(TARGET_NAME)";
				TEST_HOST = "$(BUNDLE_LOADER)";
				WRAPPER_EXTENSION = xctest;
			};
			name = Debug;
		};
		9C08C21E18845C71005CA3AA /* Release */ = {
			isa = XCBuildConfiguration;
			buildSettings = {
				ARCHS = "$(ARCHS_STANDARD_INCLUDING_64_BIT)";
				BUNDLE_LOADER = "$(BUILT_PRODUCTS_DIR)/zoo.app/zoo";
				FRAMEWORK_SEARCH_PATHS = (
					"$(SDKROOT)/Developer/Library/Frameworks",
					"$(inherited)",
					"$(DEVELOPER_FRAMEWORKS_DIR)",
				);
				GCC_PRECOMPILE_PREFIX_HEADER = YES;
				GCC_PREFIX_HEADER = "zoo/zoo-Prefix.pch";
				INFOPLIST_FILE = "zooTests/zooTests-Info.plist";
				PRODUCT_NAME = "$(TARGET_NAME)";
				TEST_HOST = "$(BUNDLE_LOADER)";
				WRAPPER_EXTENSION = xctest;
			};
			name = Release;
		};
/* End XCBuildConfiguration section */

/* Begin XCConfigurationList section */
		9C08C1E818845C70005CA3AA /* Build configuration list for PBXProject "zoo" */ = {
			isa = XCConfigurationList;
			buildConfigurations = (
				9C08C21718845C71005CA3AA /* Debug */,
				9C08C21818845C71005CA3AA /* Release */,
			);
			defaultConfigurationIsVisible = 0;
			defaultConfigurationName = Release;
		};
		9C08C21918845C71005CA3AA /* Build configuration list for PBXNativeTarget "zoo" */ = {
			isa = XCConfigurationList;
			buildConfigurations = (
				9C08C21A18845C71005CA3AA /* Debug */,
				9C08C21B18845C71005CA3AA /* Release */,
			);
			defaultConfigurationIsVisible = 0;
		};
		9C08C21C18845C71005CA3AA /* Build configuration list for PBXNativeTarget "zooTests" */ = {
			isa = XCConfigurationList;
			buildConfigurations = (
				9C08C21D18845C71005CA3AA /* Debug */,
				9C08C21E18845C71005CA3AA /* Release */,
			);
			defaultConfigurationIsVisible = 0;
		};
/* End XCConfigurationList section */
	};
	rootObject = 9C08C1E518845C70005CA3AA /* Project object */;
}
